
Microsoft Visual Studio Solution File, Format Version 12.00
# Visual Studio Version 17
VisualStudioVersion = 17.4.33122.133
MinimumVisualStudioVersion = 10.0.40219.1
Project("{8BC9CEB8-8B4A-11D0-8D11-00A0C91BC942}") = "AdventOfCode5", "AdventOfCode5\AdventOfCode5.vcxproj", "{741E133B-D892-4EBC-9E81-D3B72BFD9497}"
EndProject
Global
	GlobalSection(SolutionConfigurationPlatforms) = preSolution
		Debug|x64 = Debug|x64
		Debug|x86 = Debug|x86
		Release|x64 = Release|x64
		Release|x86 = Release|x86
	EndGlobalSection
	GlobalSection(ProjectConfigurationPlatforms) = postSolution
		{741E133B-D892-4EBC-9E81-D3B72BFD9497}.Debug|x64.ActiveCfg = Debug|x64
		{741E133B-D892-4EBC-9E81-D3B72BFD9497}.Debug|x64.Build.0 = Debug|x64
		{741E133B-D892-4EBC-9E81-D3B72BFD9497}.Debug|x86.ActiveCfg = Debug|Win32
		{741E133B-D892-4EBC-9E81-D3B72BFD9497}.Debug|x86.Build.0 = Debug|Win32
		{741E133B-D892-4EBC-9E81-D3B72BFD9497}.Release|x64.ActiveCfg = Release|x64
		{741E133B-D892-4EBC-9E81-D3B72BFD9497}.Release|x64.Build.0 = Release|x64
		{741E133B-D892-4EBC-9E81-D3B72BFD9497}.Release|x86.ActiveCfg = Release|Win32
		{741E133B-D892-4EBC-9E81-D3B72BFD9497}.Release|x86.Build.0 = Release|Win32
	EndGlobalSection
	GlobalSection(SolutionProperties) = preSolution
		HideSolutionNode = FALSE
	EndGlobalSection
	GlobalSection(ExtensibilityGlobals) = postSolution
		SolutionGuid = {78F9B019-08F7-4602-9176-5F16AE08E68F}
	EndGlobalSection
EndGlobal
